{"SurveyEntry":{"SurveyID":"SV_b28bpEHkhNSuKPz","SurveyName":"Test API Activation","SurveyDescription":null,"SurveyOwnerID":"UR_0NXtl92JJWqfWcJ","SurveyBrandID":"wefglobal","DivisionID":null,"SurveyLanguage":"EN","SurveyActiveResponseSet":"RS_2hJcYG40ZZ6YA0l","SurveyStatus":"Active","SurveyStartDate":"0000-00-00 00:00:00","SurveyExpirationDate":"0000-00-00 00:00:00","SurveyCreationDate":"2019-04-04 07:31:51","CreatorID":"UR_0NXtl92JJWqfWcJ","LastModified":"2019-04-08 04:15:28","LastAccessed":"0000-00-00 00:00:00","LastActivated":"2019-04-05 01:00:46","Deleted":null},"SurveyElements":[{"SurveyID":"SV_b28bpEHkhNSuKPz","Element":"BL","PrimaryAttribute":"Survey Blocks","SecondaryAttribute":null,"TertiaryAttribute":null,"Payload":[{"Type":"Default","Description":"Default Question Block","ID":"BL_etFRDTDa6Ij3Qwt","BlockElements":[{"Type":"Question","QuestionID":"QID1"}]},{"Type":"Trash","Description":"Trash \/ Unused Questions","ID":"BL_5dUN0YcjbVeGU97"}]},{"SurveyID":"SV_b28bpEHkhNSuKPz","Element":"FL","PrimaryAttribute":"Survey Flow","SecondaryAttribute":null,"TertiaryAttribute":null,"Payload":{"Flow":[{"ID":"BL_etFRDTDa6Ij3Qwt","Type":"Block","FlowID":"FL_2"}],"Properties":{"Count":2},"FlowID":"FL_1","Type":"Root"}},{"SurveyID":"SV_b28bpEHkhNSuKPz","Element":"SO","PrimaryAttribute":"Survey Options","SecondaryAttribute":null,"TertiaryAttribute":null,"Payload":{"BackButton":"false","SaveAndContinue":"true","SurveyProtection":"PublicSurvey","BallotBoxStuffingPrevention":"false","NoIndex":"Yes","SecureResponseFiles":"true","SurveyExpiration":"None","SurveyTermination":"DefaultMessage","Header":"","Footer":"","ProgressBarDisplay":"None","PartialData":"+1 week","ValidationMessage":"","PreviousButton":" \u2190 ","NextButton":" \u2192 ","SkinLibrary":"wefglobal","SkinType":"MQ","Skin":"wefglobal_new","NewScoring":1,"AvailableLanguages":{"EN":[],"ES":[]}}},{"SurveyID":"SV_b28bpEHkhNSuKPz","Element":"TR","PrimaryAttribute":"OC_1d4W2tVcnh9PDqG","SecondaryAttribute":null,"TertiaryAttribute":null,"Payload":{"Name":"New Action","EventType":"OnSurveyResponse","Type":"OnSurveyComplete","LogicV2":{"type":"any","children":[]},"EventData":{"fields":[]},"TriggerAction":"Outcome"}},{"SurveyID":"SV_b28bpEHkhNSuKPz","Element":"SCO","PrimaryAttribute":"Scoring","SecondaryAttribute":null,"TertiaryAttribute":null,"Payload":{"ScoringCategories":[],"ScoringCategoryGroups":[],"ScoringSummaryCategory":null,"ScoringSummaryAfterQuestions":0,"ScoringSummaryAfterSurvey":0,"DefaultScoringCategory":null,"AutoScoringCategory":null}},{"SurveyID":"SV_b28bpEHkhNSuKPz","Element":"PROJ","PrimaryAttribute":"CORE","SecondaryAttribute":null,"TertiaryAttribute":"1.1.0","Payload":{"ProjectCategory":"CORE","SchemaVersion":"1.1.0"}},{"SurveyID":"SV_b28bpEHkhNSuKPz","Element":"STAT","PrimaryAttribute":"Survey Statistics","SecondaryAttribute":null,"TertiaryAttribute":null,"Payload":{"MobileCompatible":true,"ID":"Survey Statistics"}},{"SurveyID":"SV_b28bpEHkhNSuKPz","Element":"QC","PrimaryAttribute":"Survey Question Count","SecondaryAttribute":"1","TertiaryAttribute":null,"Payload":null},{"SurveyID":"SV_b28bpEHkhNSuKPz","Element":"QG","PrimaryAttribute":"QG_kmW7dE2pFlGH4jw","SecondaryAttribute":"Default Quota Group","TertiaryAttribute":null,"Payload":{"ID":"QG_kmW7dE2pFlGH4jw","Name":"Default Quota Group","Selected":true,"MultipleMatch":"PlaceInAll","Public":false,"Quotas":["QO_Dc4LzCnSvbuMaQk"]}},{"SurveyID":"SV_b28bpEHkhNSuKPz","Element":"RS","PrimaryAttribute":"RS_2hJcYG40ZZ6YA0l","SecondaryAttribute":"Default Response Set","TertiaryAttribute":null,"Payload":null},{"SurveyID":"SV_b28bpEHkhNSuKPz","Element":"QO","PrimaryAttribute":"QO_Dc4LzCnSvbuMaQk","SecondaryAttribute":"New Quota","TertiaryAttribute":null,"Payload":{"Name":"New Quota","Occurrences":20,"Logic":{"0":{"0":{"LogicType":"Question","QuestionID":"QID1","QuestionIsInLoop":"no","ChoiceLocator":"q:\/\/QID1\/SelectableChoice\/1","Operator":"Selected","QuestionIDFromLocator":"QID1","LeftOperand":"q:\/\/QID1\/SelectableChoice\/1","Type":"Expression","Description":"<span class=\"ConjDesc\">If<\/span> <span class=\"QuestionDesc\">test<\/span> <span class=\"LeftOpDesc\">1<\/span> <span class=\"OpDesc\">Is Selected<\/span> "},"Type":"If"},"Type":"BooleanExpression"},"LogicType":"Simple","QuotaAction":"EndCurrentSurvey","ActionInfo":{"0":{"0":{"ActionType":"EndCurrentSurvey","Type":"Expression","LogicType":"QuotaAction"},"Type":"If"},"Type":"BooleanExpression"},"ID":"QO_Dc4LzCnSvbuMaQk","QuotaRealm":"Survey","QuotaSchedule":null,"EndSurveyOptions":{"EndingType":"Default","ResponseFlag":"QuotaMet","SurveyTermination":"DefaultMessage"}}},{"SurveyID":"SV_b28bpEHkhNSuKPz","Element":"SQ","PrimaryAttribute":"QID1","SecondaryAttribute":"test","TertiaryAttribute":null,"Payload":{"QuestionText":"test","DataExportTag":"Q1","QuestionType":"MC","Selector":"SAVR","SubSelector":"TX","Configuration":{"QuestionDescriptionOption":"UseText"},"QuestionDescription":"test","Choices":{"1":{"Display":"1"},"2":{"Display":"2"},"3":{"Display":"3"}},"ChoiceOrder":["1","2","3"],"Validation":{"Settings":{"ForceResponse":"OFF","ForceResponseType":"ON","Type":"None"}},"Language":{"ES":{"QuestionText":"djdddjdjd","Choices":{"1":{"Display":"chioa"},"2":{"Display":"yoli"},"3":{"Display":"comesta"}}}},"NextChoiceId":4,"NextAnswerId":1,"QuestionID":"QID1"}}]}